
Microsoft Visual Studio Solution File, Format Version 12.00
# Visual Studio Express 2012 for Windows Desktop
Project("{8BC9CEB8-8B4A-11D0-8D11-00A0C91BC942}") = "doMe", "doMe\doMe.vcxproj", "{521D8F24-850F-497F-B7E0-CF8940425FB0}"
EndProject
Project("{8BC9CEB8-8B4A-11D0-8D11-00A0C91BC942}") = "ParserTest", "ParserTest\ParserTest.vcxproj", "{DA373B9D-EE9D-4B48-8AC4-755E9A06770F}"
EndProject
Project("{8BC9CEB8-8B4A-11D0-8D11-00A0C91BC942}") = "doMeTests_Command", "doMeTests_Command\doMeTests_Command.vcxproj", "{3F6586A4-831C-4E71-A7FD-FF6596405E5F}"
EndProject
Project("{8BC9CEB8-8B4A-11D0-8D11-00A0C91BC942}") = "ViewTypeTest", "ViewTypeTest\ViewTypeTest.vcxproj", "{1245583B-3756-42BA-9504-EFDE07CD89DF}"
EndProject
Project("{8BC9CEB8-8B4A-11D0-8D11-00A0C91BC942}") = "IntegrationTest", "IntegrationTest\IntegrationTest.vcxproj", "{09BB3AA4-977B-4D96-AD0A-8446DE66B82E}"
EndProject
Global
	GlobalSection(SolutionConfigurationPlatforms) = preSolution
		Debug|Win32 = Debug|Win32
		Release|Win32 = Release|Win32
	EndGlobalSection
	GlobalSection(ProjectConfigurationPlatforms) = postSolution
		{521D8F24-850F-497F-B7E0-CF8940425FB0}.Debug|Win32.ActiveCfg = Debug|Win32
		{521D8F24-850F-497F-B7E0-CF8940425FB0}.Debug|Win32.Build.0 = Debug|Win32
		{521D8F24-850F-497F-B7E0-CF8940425FB0}.Release|Win32.ActiveCfg = Release|Win32
		{521D8F24-850F-497F-B7E0-CF8940425FB0}.Release|Win32.Build.0 = Release|Win32
		{DA373B9D-EE9D-4B48-8AC4-755E9A06770F}.Debug|Win32.ActiveCfg = Debug|Win32
		{DA373B9D-EE9D-4B48-8AC4-755E9A06770F}.Debug|Win32.Build.0 = Debug|Win32
		{DA373B9D-EE9D-4B48-8AC4-755E9A06770F}.Release|Win32.ActiveCfg = Release|Win32
		{DA373B9D-EE9D-4B48-8AC4-755E9A06770F}.Release|Win32.Build.0 = Release|Win32
		{3F6586A4-831C-4E71-A7FD-FF6596405E5F}.Debug|Win32.ActiveCfg = Debug|Win32
		{3F6586A4-831C-4E71-A7FD-FF6596405E5F}.Debug|Win32.Build.0 = Debug|Win32
		{3F6586A4-831C-4E71-A7FD-FF6596405E5F}.Release|Win32.ActiveCfg = Release|Win32
		{3F6586A4-831C-4E71-A7FD-FF6596405E5F}.Release|Win32.Build.0 = Release|Win32
		{1245583B-3756-42BA-9504-EFDE07CD89DF}.Debug|Win32.ActiveCfg = Debug|Win32
		{1245583B-3756-42BA-9504-EFDE07CD89DF}.Debug|Win32.Build.0 = Debug|Win32
		{1245583B-3756-42BA-9504-EFDE07CD89DF}.Release|Win32.ActiveCfg = Release|Win32
		{1245583B-3756-42BA-9504-EFDE07CD89DF}.Release|Win32.Build.0 = Release|Win32
		{09BB3AA4-977B-4D96-AD0A-8446DE66B82E}.Debug|Win32.ActiveCfg = Debug|Win32
		{09BB3AA4-977B-4D96-AD0A-8446DE66B82E}.Debug|Win32.Build.0 = Debug|Win32
		{09BB3AA4-977B-4D96-AD0A-8446DE66B82E}.Release|Win32.ActiveCfg = Release|Win32
		{09BB3AA4-977B-4D96-AD0A-8446DE66B82E}.Release|Win32.Build.0 = Release|Win32
	EndGlobalSection
	GlobalSection(SolutionProperties) = preSolution
		HideSolutionNode = FALSE
	EndGlobalSection
EndGlobal
