<?xml version="1.0" encoding="utf-8"?>
<Project ToolsVersion="4.0" xmlns="http://schemas.microsoft.com/developer/msbuild/2003">
  <ItemGroup>
    <ClCompile Include="ViewType.cpp">
      <Filter>Source Files\UserInterface Classes\ViewType</Filter>
    </ClCompile>
    <ClCompile Include="Command.cpp">
      <Filter>Source Files\Command Classes</Filter>
    </ClCompile>
    <ClCompile Include="Command_Add.cpp">
      <Filter>Source Files\Command Classes</Filter>
    </ClCompile>
    <ClCompile Include="Command_Clear.cpp">
      <Filter>Source Files\Command Classes</Filter>
    </ClCompile>
    <ClCompile Include="Command_Delete.cpp">
      <Filter>Source Files\Command Classes</Filter>
    </ClCompile>
    <ClCompile Include="Command_Edit.cpp">
      <Filter>Source Files\Command Classes</Filter>
    </ClCompile>
    <ClCompile Include="Command_ViewType.cpp">
      <Filter>Source Files\Command Classes</Filter>
    </ClCompile>
    <ClCompile Include="Command_SaveDirectory.cpp">
      <Filter>Source Files\Command Classes</Filter>
    </ClCompile>
    <ClCompile Include="ViewType2.cpp">
      <Filter>Source Files\UserInterface Classes\ViewType</Filter>
    </ClCompile>
    <ClCompile Include="ViewType1.cpp">
      <Filter>Source Files\UserInterface Classes\ViewType</Filter>
    </ClCompile>
    <ClCompile Include="Parser.cpp">
      <Filter>Source Files\Parser Classes</Filter>
    </ClCompile>
    <ClCompile Include="Task.cpp">
      <Filter>Source Files\Commons Classes</Filter>
    </ClCompile>
    <ClCompile Include="Memory.cpp">
      <Filter>Source Files\Memory Classes</Filter>
    </ClCompile>
    <ClCompile Include="Settings.cpp">
      <Filter>Source Files\Memory Classes</Filter>
    </ClCompile>
    <ClCompile Include="Storage.cpp">
      <Filter>Source Files\Memory Classes</Filter>
    </ClCompile>
    <ClCompile Include="UserInterface.cpp">
      <Filter>Source Files\UserInterface Classes</Filter>
    </ClCompile>
    <ClCompile Include="Command_Search.cpp">
      <Filter>Source Files\Command Classes</Filter>
    </ClCompile>
    <ClCompile Include="RAM.cpp">
      <Filter>Source Files\Memory Classes</Filter>
    </ClCompile>
    <ClCompile Include="Command_Exit.cpp">
      <Filter>Source Files\Command Classes</Filter>
    </ClCompile>
    <ClCompile Include="Command_Invalid.cpp">
      <Filter>Source Files\Command Classes</Filter>
    </ClCompile>
    <ClCompile Include="Command_Undo.cpp">
      <Filter>Source Files\Command Classes</Filter>
    </ClCompile>
    <ClCompile Include="Main.cpp">
      <Filter>Source Files</Filter>
    </ClCompile>
    <ClCompile Include="Logic.cpp">
      <Filter>Source Files</Filter>
    </ClCompile>
    <ClCompile Include="InputTokens.cpp">
      <Filter>Source Files\Parser Classes\Lexer/Interpreters</Filter>
    </ClCompile>
    <ClCompile Include="CommandPacker.cpp">
      <Filter>Source Files\Parser Classes\Packers</Filter>
    </ClCompile>
    <ClCompile Include="TaskPacker.cpp">
      <Filter>Source Files\Parser Classes\Packers</Filter>
    </ClCompile>
    <ClCompile Include="Dictionary.cpp">
      <Filter>Source Files\Parser Classes\Dictionary</Filter>
    </ClCompile>
    <ClCompile Include="SynonymList.cpp">
      <Filter>Source Files\Parser Classes\Dictionary</Filter>
    </ClCompile>
    <ClCompile Include="ChronoInterpreter.cpp">
      <Filter>Source Files\Parser Classes\Lexer/Interpreters</Filter>
    </ClCompile>
    <ClCompile Include="Parser_Interface.cpp">
      <Filter>Source Files\Parser Classes</Filter>
    </ClCompile>
    <ClCompile Include="Exception_InvalidCommand.cpp">
      <Filter>Source Files\Exception Classes</Filter>
    </ClCompile>
    <ClCompile Include="Exception_ExceededParameterLimit.cpp">
      <Filter>Source Files\Exception Classes</Filter>
    </ClCompile>
    <ClCompile Include="Exception_FileCannotOpen.cpp">
      <Filter>Source Files\Exception Classes</Filter>
    </ClCompile>
    <ClCompile Include="Commons.cpp">
      <Filter>Source Files\Commons Classes</Filter>
    </ClCompile>
    <ClCompile Include="Command_Feedback.cpp">
      <Filter>Source Files\UserInterface Classes</Filter>
    </ClCompile>
    <ClCompile Include="Command_Redo.cpp">
      <Filter>Source Files\Command Classes</Filter>
    </ClCompile>
    <ClCompile Include="Command_Help.cpp">
      <Filter>Source Files\Command Classes</Filter>
    </ClCompile>
    <ClCompile Include="ViewType3.cpp">
      <Filter>Source Files\UserInterface Classes\ViewType</Filter>
    </ClCompile>
    <ClCompile Include="HelpPrompt.cpp" />
  </ItemGroup>
  <ItemGroup>
    <ClInclude Include="Command.h">
      <Filter>Header Files\Command Classes</Filter>
    </ClInclude>
    <ClInclude Include="Command_Add.h">
      <Filter>Header Files\Command Classes</Filter>
    </ClInclude>
    <ClInclude Include="Command_Clear.h">
      <Filter>Header Files\Command Classes</Filter>
    </ClInclude>
    <ClInclude Include="Command_Delete.h">
      <Filter>Header Files\Command Classes</Filter>
    </ClInclude>
    <ClInclude Include="Command_Edit.h">
      <Filter>Header Files\Command Classes</Filter>
    </ClInclude>
    <ClInclude Include="Command_ViewType.h">
      <Filter>Header Files\Command Classes</Filter>
    </ClInclude>
    <ClInclude Include="Command_SaveDirectory.h">
      <Filter>Header Files\Command Classes</Filter>
    </ClInclude>
    <ClInclude Include="Parser.h">
      <Filter>Header Files\Parser Classes</Filter>
    </ClInclude>
    <ClInclude Include="Memory.h">
      <Filter>Header Files\Memory Classes</Filter>
    </ClInclude>
    <ClInclude Include="Settings.h">
      <Filter>Header Files\Memory Classes</Filter>
    </ClInclude>
    <ClInclude Include="Storage.h">
      <Filter>Header Files\Memory Classes</Filter>
    </ClInclude>
    <ClInclude Include="UserInterface.h">
      <Filter>Header Files\UserInterface Classes</Filter>
    </ClInclude>
    <ClInclude Include="ViewType.h">
      <Filter>Header Files\UserInterface Classes</Filter>
    </ClInclude>
    <ClInclude Include="ViewType2.h">
      <Filter>Header Files\UserInterface Classes</Filter>
    </ClInclude>
    <ClInclude Include="ViewType1.h">
      <Filter>Header Files\UserInterface Classes</Filter>
    </ClInclude>
    <ClInclude Include="Command_Search.h">
      <Filter>Header Files\Command Classes</Filter>
    </ClInclude>
    <ClInclude Include="RAM.h">
      <Filter>Header Files\Memory Classes</Filter>
    </ClInclude>
    <ClInclude Include="Command_Exit.h">
      <Filter>Header Files\Command Classes</Filter>
    </ClInclude>
    <ClInclude Include="Command_Invalid.h">
      <Filter>Header Files\Command Classes</Filter>
    </ClInclude>
    <ClInclude Include="Command_Undo.h">
      <Filter>Header Files\Command Classes</Filter>
    </ClInclude>
    <ClInclude Include="Parser_Interface.h">
      <Filter>Header Files\Parser Classes</Filter>
    </ClInclude>
    <ClInclude Include="Logic.h">
      <Filter>Header Files</Filter>
    </ClInclude>
    <ClInclude Include="Task.h">
      <Filter>Header Files\Commons Classes</Filter>
    </ClInclude>
    <ClInclude Include="Dictionary.h">
      <Filter>Header Files\Parser Classes\Dictionary</Filter>
    </ClInclude>
    <ClInclude Include="SynonymList.h">
      <Filter>Header Files\Parser Classes\Dictionary</Filter>
    </ClInclude>
    <ClInclude Include="CommandPacker.h">
      <Filter>Header Files\Parser Classes\Packers</Filter>
    </ClInclude>
    <ClInclude Include="TaskPacker.h">
      <Filter>Header Files\Parser Classes\Packers</Filter>
    </ClInclude>
    <ClInclude Include="InputTokens.h">
      <Filter>Header Files\Parser Classes\Lexer/Intepreters</Filter>
    </ClInclude>
    <ClInclude Include="ChronoInterpreter.h">
      <Filter>Header Files\Parser Classes\Lexer/Intepreters</Filter>
    </ClInclude>
    <ClInclude Include="Exception_InvalidCommand.h">
      <Filter>Header Files\Exception Classes</Filter>
    </ClInclude>
    <ClInclude Include="Exception_ExceededParameterLimit.h">
      <Filter>Header Files\Exception Classes</Filter>
    </ClInclude>
    <ClInclude Include="Exception_FileCannotOpen.h">
      <Filter>Header Files\Exception Classes</Filter>
    </ClInclude>
    <ClInclude Include="Commons.h">
      <Filter>Header Files\Commons Classes</Filter>
    </ClInclude>
    <ClInclude Include="Command_Feedback.h">
      <Filter>Header Files\UserInterface Classes</Filter>
    </ClInclude>
    <ClInclude Include="Command_Redo.h">
      <Filter>Header Files\Command Classes</Filter>
    </ClInclude>
    <ClInclude Include="Command_Help.h">
      <Filter>Header Files\Command Classes</Filter>
    </ClInclude>
    <ClInclude Include="Exception_CorruptedFile.h">
      <Filter>Header Files\Exception Classes</Filter>
    </ClInclude>
    <ClInclude Include="ViewType3.h">
      <Filter>Header Files\UserInterface Classes</Filter>
    </ClInclude>
    <ClInclude Include="HelpPrompt.h" />
  </ItemGroup>
  <ItemGroup>
    <Filter Include="Header Files">
      <UniqueIdentifier>{87d9b1ab-257a-406e-8fb6-b33db3a87de6}</UniqueIdentifier>
    </Filter>
    <Filter Include="Source Files">
      <UniqueIdentifier>{c9e732ff-ef34-4290-acff-7775a0ee3ca9}</UniqueIdentifier>
    </Filter>
    <Filter Include="Header Files\Command Classes">
      <UniqueIdentifier>{f45e0532-d8dd-4543-b8af-cae3a72d560a}</UniqueIdentifier>
    </Filter>
    <Filter Include="Source Files\Command Classes">
      <UniqueIdentifier>{26fc688c-fc1e-45f3-9c43-8c629bc5debd}</UniqueIdentifier>
    </Filter>
    <Filter Include="Header Files\Parser Classes">
      <UniqueIdentifier>{5fbc2a20-bc6d-4bd3-b880-0dae068662e0}</UniqueIdentifier>
    </Filter>
    <Filter Include="Source Files\Parser Classes">
      <UniqueIdentifier>{062c88c3-734c-4d71-9401-735664e7975a}</UniqueIdentifier>
    </Filter>
    <Filter Include="Source Files\Commons Classes">
      <UniqueIdentifier>{80f2ddef-9628-44d7-ac21-8a8d50175894}</UniqueIdentifier>
    </Filter>
    <Filter Include="Header Files\Commons Classes">
      <UniqueIdentifier>{399d6735-2ae3-492b-b9ed-c74def425afc}</UniqueIdentifier>
    </Filter>
    <Filter Include="Header Files\Memory Classes">
      <UniqueIdentifier>{74ca3258-831e-476c-807d-8df48c8c07a3}</UniqueIdentifier>
    </Filter>
    <Filter Include="Header Files\UserInterface Classes">
      <UniqueIdentifier>{25153218-e599-4368-8f13-af083407d73e}</UniqueIdentifier>
    </Filter>
    <Filter Include="Source Files\Memory Classes">
      <UniqueIdentifier>{46e4b635-86fe-4775-a598-ef375db45983}</UniqueIdentifier>
    </Filter>
    <Filter Include="Source Files\UserInterface Classes">
      <UniqueIdentifier>{4492a758-4f3d-4076-8ae2-3172aca944d9}</UniqueIdentifier>
    </Filter>
    <Filter Include="Source Files\UserInterface Classes\ViewType">
      <UniqueIdentifier>{8656ac5c-44d2-4cde-9882-036442762e22}</UniqueIdentifier>
    </Filter>
    <Filter Include="Header Files\Parser Classes\Dictionary">
      <UniqueIdentifier>{76ceaeeb-032e-4eb8-9415-37f5d3b06384}</UniqueIdentifier>
    </Filter>
    <Filter Include="Header Files\Parser Classes\Packers">
      <UniqueIdentifier>{f77b4103-3623-4918-b92f-b5591ddfd0e5}</UniqueIdentifier>
    </Filter>
    <Filter Include="Header Files\Parser Classes\Lexer/Intepreters">
      <UniqueIdentifier>{e90f5fbe-95c2-4d57-82eb-fb42063e219a}</UniqueIdentifier>
    </Filter>
    <Filter Include="Source Files\Parser Classes\Dictionary">
      <UniqueIdentifier>{149b81a2-be8b-47fd-aef5-d19993a566d8}</UniqueIdentifier>
    </Filter>
    <Filter Include="Source Files\Parser Classes\Lexer/Interpreters">
      <UniqueIdentifier>{d4e11959-59c0-4501-991d-c86ff450a8c4}</UniqueIdentifier>
    </Filter>
    <Filter Include="Source Files\Parser Classes\Packers">
      <UniqueIdentifier>{c2b5bd80-dfd7-4183-a6a5-aa5562bbcd15}</UniqueIdentifier>
    </Filter>
    <Filter Include="Header Files\Exception Classes">
      <UniqueIdentifier>{2eb4ad97-b360-404d-9499-8b7c1772270c}</UniqueIdentifier>
    </Filter>
    <Filter Include="Source Files\Exception Classes">
      <UniqueIdentifier>{01cf6619-ff55-4d4b-8176-32ec00ee5d86}</UniqueIdentifier>
    </Filter>
  </ItemGroup>
</Project>